// !$*UTF8*$!
{
	archiveVersion = 1;
	classes = {
	};
	objectVersion = 50;
	objects = {

/* Begin PBXBuildFile section */
		320DC0D4234BADD900E67A5E /* AppDelegate.swift in Sources */ = {isa = PBXBuildFile; fileRef = 320DC0D3234BADD900E67A5E /* AppDelegate.swift */; };
		320DC0D6234BADD900E67A5E /* SceneDelegate.swift in Sources */ = {isa = PBXBuildFile; fileRef = 320DC0D5234BADD900E67A5E /* SceneDelegate.swift */; };
		320DC0D8234BADD900E67A5E /* ViewController.swift in Sources */ = {isa = PBXBuildFile; fileRef = 320DC0D7234BADD900E67A5E /* ViewController.swift */; };
		320DC0DB234BADD900E67A5E /* Main.storyboard in Resources */ = {isa = PBXBuildFile; fileRef = 320DC0D9234BADD900E67A5E /* Main.storyboard */; };
		320DC0DD234BADDB00E67A5E /* Assets.xcassets in Resources */ = {isa = PBXBuildFile; fileRef = 320DC0DC234BADDB00E67A5E /* Assets.xcassets */; };
		320DC0E0234BADDB00E67A5E /* LaunchScreen.storyboard in Resources */ = {isa = PBXBuildFile; fileRef = 320DC0DE234BADDB00E67A5E /* LaunchScreen.storyboard */; };
		320DC0F2234BD73300E67A5E /* Airplane.swift in Sources */ = {isa = PBXBuildFile; fileRef = 320DC0F1234BD73300E67A5E /* Airplane.swift */; };
		320E07B823531EA8001C995D /* SplayNode.swift in Sources */ = {isa = PBXBuildFile; fileRef = 320E07B723531EA7001C995D /* SplayNode.swift */; };
		320E07BA23531EB2001C995D /* SplayTree.swift in Sources */ = {isa = PBXBuildFile; fileRef = 320E07B923531EB2001C995D /* SplayTree.swift */; };
		323975AE235B237900DEA94E /* History.swift in Sources */ = {isa = PBXBuildFile; fileRef = 323975AD235B237900DEA94E /* History.swift */; };
		323975B3235B901D00DEA94E /* Queue.swift in Sources */ = {isa = PBXBuildFile; fileRef = 323975B2235B901D00DEA94E /* Queue.swift */; };
		323975B6235B90D500DEA94E /* LinkedList.swift in Sources */ = {isa = PBXBuildFile; fileRef = 323975B5235B90D500DEA94E /* LinkedList.swift */; };
		323975B8235B916500DEA94E /* LinkedListNode.swift in Sources */ = {isa = PBXBuildFile; fileRef = 323975B7235B916500DEA94E /* LinkedListNode.swift */; };
		32445F4D2364D23B0045F578 /* Airport.swift in Sources */ = {isa = PBXBuildFile; fileRef = 32445F4C2364D23B0045F578 /* Airport.swift */; };
		32445F502364DF8C0045F578 /* FirstSecondViewController.swift in Sources */ = {isa = PBXBuildFile; fileRef = 32445F4F2364DF8C0045F578 /* FirstSecondViewController.swift */; };
		32445F522364E79A0045F578 /* FourthViewController.swift in Sources */ = {isa = PBXBuildFile; fileRef = 32445F512364E79A0045F578 /* FourthViewController.swift */; };
		32445F542364EBCC0045F578 /* SixthViewController.swift in Sources */ = {isa = PBXBuildFile; fileRef = 32445F532364EBCC0045F578 /* SixthViewController.swift */; };
		32445F582364F2810045F578 /* AirplaneTableViewCell.swift in Sources */ = {isa = PBXBuildFile; fileRef = 32445F572364F2810045F578 /* AirplaneTableViewCell.swift */; };
		325304EF235A141A00135376 /* GeneratorViewController.swift in Sources */ = {isa = PBXBuildFile; fileRef = 325304EE235A141A00135376 /* GeneratorViewController.swift */; };
		325304F1235A652900135376 /* Spinner.swift in Sources */ = {isa = PBXBuildFile; fileRef = 325304F0235A652900135376 /* Spinner.swift */; };
		3280DB642359E62700485902 /* TableViewController.swift in Sources */ = {isa = PBXBuildFile; fileRef = 3280DB632359E62700485902 /* TableViewController.swift */; };
		32B74A0D2350C6B800627E56 /* BinaryNode.swift in Sources */ = {isa = PBXBuildFile; fileRef = 32B74A0C2350C6B800627E56 /* BinaryNode.swift */; };
		32B74A0F2350C6C400627E56 /* BinaryTree.swift in Sources */ = {isa = PBXBuildFile; fileRef = 32B74A0E2350C6C400627E56 /* BinaryTree.swift */; };
		32C06048235C2E7A008B28ED /* PairingHeapNode.swift in Sources */ = {isa = PBXBuildFile; fileRef = 32C06047235C2E7A008B28ED /* PairingHeapNode.swift */; };
		32C0604A235C2E84008B28ED /* PairingHeap.swift in Sources */ = {isa = PBXBuildFile; fileRef = 32C06049235C2E84008B28ED /* PairingHeap.swift */; };
		32D71BC523571E71002B871B /* Generator.swift in Sources */ = {isa = PBXBuildFile; fileRef = 32D71BC423571E71002B871B /* Generator.swift */; };
		32FC9F632365BA52008794FA /* ThirdViewController.swift in Sources */ = {isa = PBXBuildFile; fileRef = 32FC9F622365BA52008794FA /* ThirdViewController.swift */; };
/* End PBXBuildFile section */

/* Begin PBXFileReference section */
		320DC0D0234BADD900E67A5E /* FRI Airlines.app */ = {isa = PBXFileReference; explicitFileType = wrapper.application; includeInIndex = 0; path = "FRI Airlines.app"; sourceTree = BUILT_PRODUCTS_DIR; };
		320DC0D3234BADD900E67A5E /* AppDelegate.swift */ = {isa = PBXFileReference; lastKnownFileType = sourcecode.swift; path = AppDelegate.swift; sourceTree = "<group>"; };
		320DC0D5234BADD900E67A5E /* SceneDelegate.swift */ = {isa = PBXFileReference; lastKnownFileType = sourcecode.swift; path = SceneDelegate.swift; sourceTree = "<group>"; };
		320DC0D7234BADD900E67A5E /* ViewController.swift */ = {isa = PBXFileReference; lastKnownFileType = sourcecode.swift; path = ViewController.swift; sourceTree = "<group>"; };
		320DC0DA234BADD900E67A5E /* Base */ = {isa = PBXFileReference; lastKnownFileType = file.storyboard; name = Base; path = Base.lproj/Main.storyboard; sourceTree = "<group>"; };
		320DC0DC234BADDB00E67A5E /* Assets.xcassets */ = {isa = PBXFileReference; lastKnownFileType = folder.assetcatalog; path = Assets.xcassets; sourceTree = "<group>"; };
		320DC0DF234BADDB00E67A5E /* Base */ = {isa = PBXFileReference; lastKnownFileType = file.storyboard; name = Base; path = Base.lproj/LaunchScreen.storyboard; sourceTree = "<group>"; };
		320DC0E1234BADDB00E67A5E /* Info.plist */ = {isa = PBXFileReference; lastKnownFileType = text.plist.xml; path = Info.plist; sourceTree = "<group>"; };
		320DC0F1234BD73300E67A5E /* Airplane.swift */ = {isa = PBXFileReference; lastKnownFileType = sourcecode.swift; path = Airplane.swift; sourceTree = "<group>"; };
		320E07B723531EA7001C995D /* SplayNode.swift */ = {isa = PBXFileReference; lastKnownFileType = sourcecode.swift; path = SplayNode.swift; sourceTree = "<group>"; };
		320E07B923531EB2001C995D /* SplayTree.swift */ = {isa = PBXFileReference; lastKnownFileType = sourcecode.swift; path = SplayTree.swift; sourceTree = "<group>"; };
		323975AD235B237900DEA94E /* History.swift */ = {isa = PBXFileReference; lastKnownFileType = sourcecode.swift; path = History.swift; sourceTree = "<group>"; };
		323975B2235B901D00DEA94E /* Queue.swift */ = {isa = PBXFileReference; lastKnownFileType = sourcecode.swift; path = Queue.swift; sourceTree = "<group>"; };
		323975B5235B90D500DEA94E /* LinkedList.swift */ = {isa = PBXFileReference; lastKnownFileType = sourcecode.swift; path = LinkedList.swift; sourceTree = "<group>"; };
		323975B7235B916500DEA94E /* LinkedListNode.swift */ = {isa = PBXFileReference; lastKnownFileType = sourcecode.swift; path = LinkedListNode.swift; sourceTree = "<group>"; };
		32445F4C2364D23B0045F578 /* Airport.swift */ = {isa = PBXFileReference; lastKnownFileType = sourcecode.swift; path = Airport.swift; sourceTree = "<group>"; };
		32445F4F2364DF8C0045F578 /* FirstSecondViewController.swift */ = {isa = PBXFileReference; lastKnownFileType = sourcecode.swift; path = FirstSecondViewController.swift; sourceTree = "<group>"; };
		32445F512364E79A0045F578 /* FourthViewController.swift */ = {isa = PBXFileReference; lastKnownFileType = sourcecode.swift; path = FourthViewController.swift; sourceTree = "<group>"; };
		32445F532364EBCC0045F578 /* SixthViewController.swift */ = {isa = PBXFileReference; lastKnownFileType = sourcecode.swift; path = SixthViewController.swift; sourceTree = "<group>"; };
		32445F572364F2810045F578 /* AirplaneTableViewCell.swift */ = {isa = PBXFileReference; lastKnownFileType = sourcecode.swift; path = AirplaneTableViewCell.swift; sourceTree = "<group>"; };
		325304EE235A141A00135376 /* GeneratorViewController.swift */ = {isa = PBXFileReference; lastKnownFileType = sourcecode.swift; path = GeneratorViewController.swift; sourceTree = "<group>"; };
		325304F0235A652900135376 /* Spinner.swift */ = {isa = PBXFileReference; lastKnownFileType = sourcecode.swift; path = Spinner.swift; sourceTree = "<group>"; };
		3280DB632359E62700485902 /* TableViewController.swift */ = {isa = PBXFileReference; lastKnownFileType = sourcecode.swift; path = TableViewController.swift; sourceTree = "<group>"; };
		32B74A0C2350C6B800627E56 /* BinaryNode.swift */ = {isa = PBXFileReference; lastKnownFileType = sourcecode.swift; path = BinaryNode.swift; sourceTree = "<group>"; };
		32B74A0E2350C6C400627E56 /* BinaryTree.swift */ = {isa = PBXFileReference; lastKnownFileType = sourcecode.swift; path = BinaryTree.swift; sourceTree = "<group>"; };
		32C06047235C2E7A008B28ED /* PairingHeapNode.swift */ = {isa = PBXFileReference; lastKnownFileType = sourcecode.swift; path = PairingHeapNode.swift; sourceTree = "<group>"; };
		32C06049235C2E84008B28ED /* PairingHeap.swift */ = {isa = PBXFileReference; lastKnownFileType = sourcecode.swift; path = PairingHeap.swift; sourceTree = "<group>"; };
		32D71BC423571E71002B871B /* Generator.swift */ = {isa = PBXFileReference; lastKnownFileType = sourcecode.swift; path = Generator.swift; sourceTree = "<group>"; };
		32FC9F622365BA52008794FA /* ThirdViewController.swift */ = {isa = PBXFileReference; lastKnownFileType = sourcecode.swift; path = ThirdViewController.swift; sourceTree = "<group>"; };
/* End PBXFileReference section */

/* Begin PBXFrameworksBuildPhase section */
		320DC0CD234BADD900E67A5E /* Frameworks */ = {
			isa = PBXFrameworksBuildPhase;
			buildActionMask = 2147483647;
			files = (
			);
			runOnlyForDeploymentPostprocessing = 0;
		};
/* End PBXFrameworksBuildPhase section */

/* Begin PBXGroup section */
		320DC0C7234BADD900E67A5E = {
			isa = PBXGroup;
			children = (
				320DC0D2234BADD900E67A5E /* PavlickoDavidAUS2-1 */,
				320DC0D1234BADD900E67A5E /* Products */,
			);
			sourceTree = "<group>";
		};
		320DC0D1234BADD900E67A5E /* Products */ = {
			isa = PBXGroup;
			children = (
				320DC0D0234BADD900E67A5E /* FRI Airlines.app */,
			);
			name = Products;
			sourceTree = "<group>";
		};
		320DC0D2234BADD900E67A5E /* PavlickoDavidAUS2-1 */ = {
			isa = PBXGroup;
			children = (
				320DC0D3234BADD900E67A5E /* AppDelegate.swift */,
				320DC0D5234BADD900E67A5E /* SceneDelegate.swift */,
				32D71BC123571E41002B871B /* Data */,
				320DC0EB234BCF9E00E67A5E /* Structures */,
				320DC0E7234BCE8500E67A5E /* Model */,
				320DC0E9234BCE9300E67A5E /* View */,
				320DC0EA234BCE9700E67A5E /* Controller */,
				320DC0E1234BADDB00E67A5E /* Info.plist */,
			);
			path = "PavlickoDavidAUS2-1";
			sourceTree = "<group>";
		};
		320DC0E7234BCE8500E67A5E /* Model */ = {
			isa = PBXGroup;
			children = (
				320DC0F1234BD73300E67A5E /* Airplane.swift */,
				325304F0235A652900135376 /* Spinner.swift */,
				323975AD235B237900DEA94E /* History.swift */,
				32445F4C2364D23B0045F578 /* Airport.swift */,
				32445F572364F2810045F578 /* AirplaneTableViewCell.swift */,
			);
			path = Model;
			sourceTree = "<group>";
		};
		320DC0E9234BCE9300E67A5E /* View */ = {
			isa = PBXGroup;
			children = (
				320DC0D9234BADD900E67A5E /* Main.storyboard */,
				320DC0DC234BADDB00E67A5E /* Assets.xcassets */,
				320DC0DE234BADDB00E67A5E /* LaunchScreen.storyboard */,
			);
			path = View;
			sourceTree = "<group>";
		};
		320DC0EA234BCE9700E67A5E /* Controller */ = {
			isa = PBXGroup;
			children = (
				32445F4E2364DF700045F578 /* Tasks */,
				320DC0D7234BADD900E67A5E /* ViewController.swift */,
				3280DB632359E62700485902 /* TableViewController.swift */,
				325304EE235A141A00135376 /* GeneratorViewController.swift */,
			);
			path = Controller;
			sourceTree = "<group>";
		};
		320DC0EB234BCF9E00E67A5E /* Structures */ = {
			isa = PBXGroup;
			children = (
				323975B4235B90C900DEA94E /* LinkedList */,
				323975B1235B8FFE00DEA94E /* Queue */,
				323975AF235B698E00DEA94E /* PairingHeap */,
				32B74A0B2350C67E00627E56 /* BinaryTree */,
				327D9B5E234CD21B003715A7 /* SplayTree */,
			);
			path = Structures;
			sourceTree = "<group>";
		};
		323975AF235B698E00DEA94E /* PairingHeap */ = {
			isa = PBXGroup;
			children = (
				32C06047235C2E7A008B28ED /* PairingHeapNode.swift */,
				32C06049235C2E84008B28ED /* PairingHeap.swift */,
			);
			path = PairingHeap;
			sourceTree = "<group>";
		};
		323975B1235B8FFE00DEA94E /* Queue */ = {
			isa = PBXGroup;
			children = (
				323975B2235B901D00DEA94E /* Queue.swift */,
			);
			path = Queue;
			sourceTree = "<group>";
		};
		323975B4235B90C900DEA94E /* LinkedList */ = {
			isa = PBXGroup;
			children = (
				323975B5235B90D500DEA94E /* LinkedList.swift */,
				323975B7235B916500DEA94E /* LinkedListNode.swift */,
			);
			path = LinkedList;
			sourceTree = "<group>";
		};
		32445F4E2364DF700045F578 /* Tasks */ = {
			isa = PBXGroup;
			children = (
				32445F4F2364DF8C0045F578 /* FirstSecondViewController.swift */,
				32445F512364E79A0045F578 /* FourthViewController.swift */,
				32445F532364EBCC0045F578 /* SixthViewController.swift */,
				32FC9F622365BA52008794FA /* ThirdViewController.swift */,
			);
			path = Tasks;
			sourceTree = "<group>";
		};
		327D9B5E234CD21B003715A7 /* SplayTree */ = {
			isa = PBXGroup;
			children = (
				320E07B723531EA7001C995D /* SplayNode.swift */,
				320E07B923531EB2001C995D /* SplayTree.swift */,
			);
			path = SplayTree;
			sourceTree = "<group>";
		};
		32B74A0B2350C67E00627E56 /* BinaryTree */ = {
			isa = PBXGroup;
			children = (
				32B74A0C2350C6B800627E56 /* BinaryNode.swift */,
				32B74A0E2350C6C400627E56 /* BinaryTree.swift */,
			);
			path = BinaryTree;
			sourceTree = "<group>";
		};
		32D71BC123571E41002B871B /* Data */ = {
			isa = PBXGroup;
			children = (
				32D71BC423571E71002B871B /* Generator.swift */,
			);
			path = Data;
			sourceTree = "<group>";
		};
/* End PBXGroup section */

/* Begin PBXNativeTarget section */
		320DC0CF234BADD900E67A5E /* PavlickoDavidAUS2-1 */ = {
			isa = PBXNativeTarget;
			buildConfigurationList = 320DC0E4234BADDB00E67A5E /* Build configuration list for PBXNativeTarget "PavlickoDavidAUS2-1" */;
			buildPhases = (
				320DC0CC234BADD900E67A5E /* Sources */,
				320DC0CD234BADD900E67A5E /* Frameworks */,
				320DC0CE234BADD900E67A5E /* Resources */,
			);
			buildRules = (
			);
			dependencies = (
			);
			name = "PavlickoDavidAUS2-1";
			productName = "PavlickoDavidAUS2-1";
			productReference = 320DC0D0234BADD900E67A5E /* FRI Airlines.app */;
			productType = "com.apple.product-type.application";
		};
/* End PBXNativeTarget section */

/* Begin PBXProject section */
		320DC0C8234BADD900E67A5E /* Project object */ = {
			isa = PBXProject;
			attributes = {
				LastSwiftUpdateCheck = 1100;
				LastUpgradeCheck = 1100;
				ORGANIZATIONNAME = "David Pavlicko";
				TargetAttributes = {
					320DC0CF234BADD900E67A5E = {
						CreatedOnToolsVersion = 11.0;
					};
				};
			};
			buildConfigurationList = 320DC0CB234BADD900E67A5E /* Build configuration list for PBXProject "PavlickoDavidAUS2-1" */;
			compatibilityVersion = "Xcode 9.3";
			developmentRegion = en;
			hasScannedForEncodings = 0;
			knownRegions = (
				en,
				Base,
			);
			mainGroup = 320DC0C7234BADD900E67A5E;
			productRefGroup = 320DC0D1234BADD900E67A5E /* Products */;
			projectDirPath = "";
			projectRoot = "";
			targets = (
				320DC0CF234BADD900E67A5E /* PavlickoDavidAUS2-1 */,
			);
		};
/* End PBXProject section */

/* Begin PBXResourcesBuildPhase section */
		320DC0CE234BADD900E67A5E /* Resources */ = {
			isa = PBXResourcesBuildPhase;
			buildActionMask = 2147483647;
			files = (
				320DC0E0234BADDB00E67A5E /* LaunchScreen.storyboard in Resources */,
				320DC0DD234BADDB00E67A5E /* Assets.xcassets in Resources */,
				320DC0DB234BADD900E67A5E /* Main.storyboard in Resources */,
			);
			runOnlyForDeploymentPostprocessing = 0;
		};
/* End PBXResourcesBuildPhase section */

/* Begin PBXSourcesBuildPhase section */
		320DC0CC234BADD900E67A5E /* Sources */ = {
			isa = PBXSourcesBuildPhase;
			buildActionMask = 2147483647;
			files = (
				32C0604A235C2E84008B28ED /* PairingHeap.swift in Sources */,
				32B74A0F2350C6C400627E56 /* BinaryTree.swift in Sources */,
				323975B3235B901D00DEA94E /* Queue.swift in Sources */,
				32445F522364E79A0045F578 /* FourthViewController.swift in Sources */,
				320DC0D8234BADD900E67A5E /* ViewController.swift in Sources */,
				32C06048235C2E7A008B28ED /* PairingHeapNode.swift in Sources */,
				320E07B823531EA8001C995D /* SplayNode.swift in Sources */,
				3280DB642359E62700485902 /* TableViewController.swift in Sources */,
				320E07BA23531EB2001C995D /* SplayTree.swift in Sources */,
				320DC0D4234BADD900E67A5E /* AppDelegate.swift in Sources */,
				32B74A0D2350C6B800627E56 /* BinaryNode.swift in Sources */,
				323975B8235B916500DEA94E /* LinkedListNode.swift in Sources */,
				325304F1235A652900135376 /* Spinner.swift in Sources */,
				32445F4D2364D23B0045F578 /* Airport.swift in Sources */,
				32D71BC523571E71002B871B /* Generator.swift in Sources */,
				32445F542364EBCC0045F578 /* SixthViewController.swift in Sources */,
				320DC0D6234BADD900E67A5E /* SceneDelegate.swift in Sources */,
				32445F502364DF8C0045F578 /* FirstSecondViewController.swift in Sources */,
				323975AE235B237900DEA94E /* History.swift in Sources */,
				323975B6235B90D500DEA94E /* LinkedList.swift in Sources */,
				32445F582364F2810045F578 /* AirplaneTableViewCell.swift in Sources */,
				320DC0F2234BD73300E67A5E /* Airplane.swift in Sources */,
				32FC9F632365BA52008794FA /* ThirdViewController.swift in Sources */,
				325304EF235A141A00135376 /* GeneratorViewController.swift in Sources */,
			);
			runOnlyForDeploymentPostprocessing = 0;
		};
/* End PBXSourcesBuildPhase section */

/* Begin PBXVariantGroup section */
		320DC0D9234BADD900E67A5E /* Main.storyboard */ = {
			isa = PBXVariantGroup;
			children = (
				320DC0DA234BADD900E67A5E /* Base */,
			);
			name = Main.storyboard;
			sourceTree = "<group>";
		};
		320DC0DE234BADDB00E67A5E /* LaunchScreen.storyboard */ = {
			isa = PBXVariantGroup;
			children = (
				320DC0DF234BADDB00E67A5E /* Base */,
			);
			name = LaunchScreen.storyboard;
			sourceTree = "<group>";
		};
/* End PBXVariantGroup section */

/* Begin XCBuildConfiguration section */
		320DC0E2234BADDB00E67A5E /* Debug */ = {
			isa = XCBuildConfiguration;
			buildSettings = {
				ALWAYS_SEARCH_USER_PATHS = NO;
				CLANG_ANALYZER_NONNULL = YES;
				CLANG_ANALYZER_NUMBER_OBJECT_CONVERSION = YES_AGGRESSIVE;
				CLANG_CXX_LANGUAGE_STANDARD = "gnu++14";
				CLANG_CXX_LIBRARY = "libc++";
				CLANG_ENABLE_MODULES = YES;
				CLANG_ENABLE_OBJC_ARC = YES;
				CLANG_ENABLE_OBJC_WEAK = YES;
				CLANG_WARN_BLOCK_CAPTURE_AUTORELEASING = YES;
				CLANG_WARN_BOOL_CONVERSION = YES;
				CLANG_WARN_COMMA = YES;
				CLANG_WARN_CONSTANT_CONVERSION = YES;
				CLANG_WARN_DEPRECATED_OBJC_IMPLEMENTATIONS = YES;
				CLANG_WARN_DIRECT_OBJC_ISA_USAGE = YES_ERROR;
				CLANG_WARN_DOCUMENTATION_COMMENTS = YES;
				CLANG_WARN_EMPTY_BODY = YES;
				CLANG_WARN_ENUM_CONVERSION = YES;
				CLANG_WARN_INFINITE_RECURSION = YES;
				CLANG_WARN_INT_CONVERSION = YES;
				CLANG_WARN_NON_LITERAL_NULL_CONVERSION = YES;
				CLANG_WARN_OBJC_IMPLICIT_RETAIN_SELF = YES;
				CLANG_WARN_OBJC_LITERAL_CONVERSION = YES;
				CLANG_WARN_OBJC_ROOT_CLASS = YES_ERROR;
				CLANG_WARN_RANGE_LOOP_ANALYSIS = YES;
				CLANG_WARN_STRICT_PROTOTYPES = YES;
				CLANG_WARN_SUSPICIOUS_MOVE = YES;
				CLANG_WARN_UNGUARDED_AVAILABILITY = YES_AGGRESSIVE;
				CLANG_WARN_UNREACHABLE_CODE = YES;
				CLANG_WARN__DUPLICATE_METHOD_MATCH = YES;
				COPY_PHASE_STRIP = NO;
				DEBUG_INFORMATION_FORMAT = dwarf;
				ENABLE_STRICT_OBJC_MSGSEND = YES;
				ENABLE_TESTABILITY = YES;
				GCC_C_LANGUAGE_STANDARD = gnu11;
				GCC_DYNAMIC_NO_PIC = NO;
				GCC_NO_COMMON_BLOCKS = YES;
				GCC_OPTIMIZATION_LEVEL = 0;
				GCC_PREPROCESSOR_DEFINITIONS = (
					"DEBUG=1",
					"$(inherited)",
				);
				GCC_WARN_64_TO_32_BIT_CONVERSION = YES;
				GCC_WARN_ABOUT_RETURN_TYPE = YES_ERROR;
				GCC_WARN_UNDECLARED_SELECTOR = YES;
				GCC_WARN_UNINITIALIZED_AUTOS = YES_AGGRESSIVE;
				GCC_WARN_UNUSED_FUNCTION = YES;
				GCC_WARN_UNUSED_VARIABLE = YES;
				IPHONEOS_DEPLOYMENT_TARGET = 13.0;
				MTL_ENABLE_DEBUG_INFO = INCLUDE_SOURCE;
				MTL_FAST_MATH = YES;
				ONLY_ACTIVE_ARCH = YES;
				SDKROOT = iphoneos;
				SWIFT_ACTIVE_COMPILATION_CONDITIONS = DEBUG;
				SWIFT_OPTIMIZATION_LEVEL = "-Onone";
			};
			name = Debug;
		};
		320DC0E3234BADDB00E67A5E /* Release */ = {
			isa = XCBuildConfiguration;
			buildSettings = {
				ALWAYS_SEARCH_USER_PATHS = NO;
				CLANG_ANALYZER_NONNULL = YES;
				CLANG_ANALYZER_NUMBER_OBJECT_CONVERSION = YES_AGGRESSIVE;
				CLANG_CXX_LANGUAGE_STANDARD = "gnu++14";
				CLANG_CXX_LIBRARY = "libc++";
				CLANG_ENABLE_MODULES = YES;
				CLANG_ENABLE_OBJC_ARC = YES;
				CLANG_ENABLE_OBJC_WEAK = YES;
				CLANG_WARN_BLOCK_CAPTURE_AUTORELEASING = YES;
				CLANG_WARN_BOOL_CONVERSION = YES;
				CLANG_WARN_COMMA = YES;
				CLANG_WARN_CONSTANT_CONVERSION = YES;
				CLANG_WARN_DEPRECATED_OBJC_IMPLEMENTATIONS = YES;
				CLANG_WARN_DIRECT_OBJC_ISA_USAGE = YES_ERROR;
				CLANG_WARN_DOCUMENTATION_COMMENTS = YES;
				CLANG_WARN_EMPTY_BODY = YES;
				CLANG_WARN_ENUM_CONVERSION = YES;
				CLANG_WARN_INFINITE_RECURSION = YES;
				CLANG_WARN_INT_CONVERSION = YES;
				CLANG_WARN_NON_LITERAL_NULL_CONVERSION = YES;
				CLANG_WARN_OBJC_IMPLICIT_RETAIN_SELF = YES;
				CLANG_WARN_OBJC_LITERAL_CONVERSION = YES;
				CLANG_WARN_OBJC_ROOT_CLASS = YES_ERROR;
				CLANG_WARN_RANGE_LOOP_ANALYSIS = YES;
				CLANG_WARN_STRICT_PROTOTYPES = YES;
				CLANG_WARN_SUSPICIOUS_MOVE = YES;
				CLANG_WARN_UNGUARDED_AVAILABILITY = YES_AGGRESSIVE;
				CLANG_WARN_UNREACHABLE_CODE = YES;
				CLANG_WARN__DUPLICATE_METHOD_MATCH = YES;
				COPY_PHASE_STRIP = NO;
				DEBUG_INFORMATION_FORMAT = "dwarf-with-dsym";
				ENABLE_NS_ASSERTIONS = NO;
				ENABLE_STRICT_OBJC_MSGSEND = YES;
				GCC_C_LANGUAGE_STANDARD = gnu11;
				GCC_NO_COMMON_BLOCKS = YES;
				GCC_WARN_64_TO_32_BIT_CONVERSION = YES;
				GCC_WARN_ABOUT_RETURN_TYPE = YES_ERROR;
				GCC_WARN_UNDECLARED_SELECTOR = YES;
				GCC_WARN_UNINITIALIZED_AUTOS = YES_AGGRESSIVE;
				GCC_WARN_UNUSED_FUNCTION = YES;
				GCC_WARN_UNUSED_VARIABLE = YES;
				IPHONEOS_DEPLOYMENT_TARGET = 13.0;
				MTL_ENABLE_DEBUG_INFO = NO;
				MTL_FAST_MATH = YES;
				SDKROOT = iphoneos;
				SWIFT_COMPILATION_MODE = wholemodule;
				SWIFT_OPTIMIZATION_LEVEL = "-O";
				VALIDATE_PRODUCT = YES;
			};
			name = Release;
		};
		320DC0E5234BADDB00E67A5E /* Debug */ = {
			isa = XCBuildConfiguration;
			buildSettings = {
				ASSETCATALOG_COMPILER_APPICON_NAME = AppIcon;
				CODE_SIGN_STYLE = Automatic;
				DEVELOPMENT_TEAM = 9D8N95GRX3;
				INFOPLIST_FILE = "PavlickoDavidAUS2-1/Info.plist";
				LD_RUNPATH_SEARCH_PATHS = (
					"$(inherited)",
					"@executable_path/Frameworks",
				);
				PRODUCT_BUNDLE_IDENTIFIER = "sk.davooo.p.PavlickoDavidAUS2-1";
				PRODUCT_NAME = "FRI Airlines";
				SWIFT_VERSION = 5.0;
				TARGETED_DEVICE_FAMILY = 1;
			};
			name = Debug;
		};
		320DC0E6234BADDB00E67A5E /* Release */ = {
			isa = XCBuildConfiguration;
			buildSettings = {
				ASSETCATALOG_COMPILER_APPICON_NAME = AppIcon;
				CODE_SIGN_STYLE = Automatic;
				DEVELOPMENT_TEAM = 9D8N95GRX3;
				INFOPLIST_FILE = "PavlickoDavidAUS2-1/Info.plist";
				LD_RUNPATH_SEARCH_PATHS = (
					"$(inherited)",
					"@executable_path/Frameworks",
				);
				PRODUCT_BUNDLE_IDENTIFIER = "sk.davooo.p.PavlickoDavidAUS2-1";
				PRODUCT_NAME = "FRI Airlines";
				SWIFT_VERSION = 5.0;
				TARGETED_DEVICE_FAMILY = 1;
			};
			name = Release;
		};
/* End XCBuildConfiguration section */

/* Begin XCConfigurationList section */
		320DC0CB234BADD900E67A5E /* Build configuration list for PBXProject "PavlickoDavidAUS2-1" */ = {
			isa = XCConfigurationList;
			buildConfigurations = (
				320DC0E2234BADDB00E67A5E /* Debug */,
				320DC0E3234BADDB00E67A5E /* Release */,
			);
			defaultConfigurationIsVisible = 0;
			defaultConfigurationName = Release;
		};
		320DC0E4234BADDB00E67A5E /* Build configuration list for PBXNativeTarget "PavlickoDavidAUS2-1" */ = {
			isa = XCConfigurationList;
			buildConfigurations = (
				320DC0E5234BADDB00E67A5E /* Debug */,
				320DC0E6234BADDB00E67A5E /* Release */,
			);
			defaultConfigurationIsVisible = 0;
			defaultConfigurationName = Release;
		};
/* End XCConfigurationList section */
	};
	rootObject = 320DC0C8234BADD900E67A5E /* Project object */;
}
